
Microsoft Visual Studio Solution File, Format Version 12.00
# Visual Studio Version 16
VisualStudioVersion = 16.0.810.22
MinimumVisualStudioVersion = 10.0.40219.1
Project("{FAE04EC0-301F-11D3-BF4B-00C04F79EFBC}") = "Method_Practice", "Method_Practice\Method_Practice.csproj", "{D4BF23C5-4934-4D1D-A68F-6C5929C4B0A5}"
EndProject
Global
	GlobalSection(SolutionConfigurationPlatforms) = preSolution
		Debug|Any CPU = Debug|Any CPU
		Release|Any CPU = Release|Any CPU
	EndGlobalSection
	GlobalSection(ProjectConfigurationPlatforms) = postSolution
		{D4BF23C5-4934-4D1D-A68F-6C5929C4B0A5}.Debug|Any CPU.ActiveCfg = Debug|Any CPU
		{D4BF23C5-4934-4D1D-A68F-6C5929C4B0A5}.Debug|Any CPU.Build.0 = Debug|Any CPU
		{D4BF23C5-4934-4D1D-A68F-6C5929C4B0A5}.Release|Any CPU.ActiveCfg = Release|Any CPU
		{D4BF23C5-4934-4D1D-A68F-6C5929C4B0A5}.Release|Any CPU.Build.0 = Release|Any CPU
	EndGlobalSection
	GlobalSection(SolutionProperties) = preSolution
		HideSolutionNode = FALSE
	EndGlobalSection
	GlobalSection(ExtensibilityGlobals) = postSolution
		SolutionGuid = {825B8301-5ED9-4640-AB3F-CB716498EAE0}
	EndGlobalSection
EndGlobal
